// !$*UTF8*$!
{
	archiveVersion = 1;
	classes = {
	};
	objectVersion = 48;
	objects = {

/* Begin PBXBuildFile section */
		5C0034571FAD13C4006DA8D4 /* myCollectionViewC.swift in Sources */ = {isa = PBXBuildFile; fileRef = 5C0034561FAD13C4006DA8D4 /* myCollectionViewC.swift */; };
		5C0034591FAD15AB006DA8D4 /* myCollectionViewCell.swift in Sources */ = {isa = PBXBuildFile; fileRef = 5C0034581FAD15AB006DA8D4 /* myCollectionViewCell.swift */; };
		5C00345C1FAE3923006DA8D4 /* myMainTableViewCell.swift in Sources */ = {isa = PBXBuildFile; fileRef = 5C00345A1FAE3923006DA8D4 /* myMainTableViewCell.swift */; };
		5C00345D1FAE3923006DA8D4 /* myMainTableViewCell.xib in Resources */ = {isa = PBXBuildFile; fileRef = 5C00345B1FAE3923006DA8D4 /* myMainTableViewCell.xib */; };
		5C0034611FAE5AB7006DA8D4 /* myMainViewController.swift in Sources */ = {isa = PBXBuildFile; fileRef = 5C0034601FAE5AB7006DA8D4 /* myMainViewController.swift */; };
		5C6325F41FAE930600AA4C51 /* SearchTableViewController.swift in Sources */ = {isa = PBXBuildFile; fileRef = 5C6325F31FAE930600AA4C51 /* SearchTableViewController.swift */; };
		5C64BEDD1FB1656E0012630B /* Speech.swift in Sources */ = {isa = PBXBuildFile; fileRef = 5C64BEDC1FB1656E0012630B /* Speech.swift */; };
		5CDAFF8A1FA9652B0056ED02 /* AppDelegate.swift in Sources */ = {isa = PBXBuildFile; fileRef = 5CDAFF891FA9652B0056ED02 /* AppDelegate.swift */; };
		5CDAFF8F1FA9652B0056ED02 /* Main.storyboard in Resources */ = {isa = PBXBuildFile; fileRef = 5CDAFF8D1FA9652B0056ED02 /* Main.storyboard */; };
		5CDAFF921FA9652B0056ED02 /* FarsiEnglishDictionary.xcdatamodeld in Sources */ = {isa = PBXBuildFile; fileRef = 5CDAFF901FA9652B0056ED02 /* FarsiEnglishDictionary.xcdatamodeld */; };
		5CDAFF941FA9652B0056ED02 /* Assets.xcassets in Resources */ = {isa = PBXBuildFile; fileRef = 5CDAFF931FA9652B0056ED02 /* Assets.xcassets */; };
		5CDAFF971FA9652B0056ED02 /* LaunchScreen.storyboard in Resources */ = {isa = PBXBuildFile; fileRef = 5CDAFF951FA9652B0056ED02 /* LaunchScreen.storyboard */; };
		5CDFE8EA1FBE7A290077F80C /* ListMO+CoreDataClass.swift in Sources */ = {isa = PBXBuildFile; fileRef = 5CDFE8E61FBE7A280077F80C /* ListMO+CoreDataClass.swift */; };
		5CDFE8EB1FBE7A290077F80C /* ListMO+CoreDataProperties.swift in Sources */ = {isa = PBXBuildFile; fileRef = 5CDFE8E71FBE7A280077F80C /* ListMO+CoreDataProperties.swift */; };
		5CDFE8EC1FBE7A290077F80C /* MyWordRefMO+CoreDataClass.swift in Sources */ = {isa = PBXBuildFile; fileRef = 5CDFE8E81FBE7A280077F80C /* MyWordRefMO+CoreDataClass.swift */; };
		5CDFE8ED1FBE7A290077F80C /* MyWordRefMO+CoreDataProperties.swift in Sources */ = {isa = PBXBuildFile; fileRef = 5CDFE8E91FBE7A290077F80C /* MyWordRefMO+CoreDataProperties.swift */; };
/* End PBXBuildFile section */

/* Begin PBXFileReference section */
		5C0034561FAD13C4006DA8D4 /* myCollectionViewC.swift */ = {isa = PBXFileReference; lastKnownFileType = sourcecode.swift; path = myCollectionViewC.swift; sourceTree = "<group>"; };
		5C0034581FAD15AB006DA8D4 /* myCollectionViewCell.swift */ = {isa = PBXFileReference; lastKnownFileType = sourcecode.swift; path = myCollectionViewCell.swift; sourceTree = "<group>"; };
		5C00345A1FAE3923006DA8D4 /* myMainTableViewCell.swift */ = {isa = PBXFileReference; lastKnownFileType = sourcecode.swift; path = myMainTableViewCell.swift; sourceTree = "<group>"; };
		5C00345B1FAE3923006DA8D4 /* myMainTableViewCell.xib */ = {isa = PBXFileReference; lastKnownFileType = file.xib; path = myMainTableViewCell.xib; sourceTree = "<group>"; };
		5C0034601FAE5AB7006DA8D4 /* myMainViewController.swift */ = {isa = PBXFileReference; lastKnownFileType = sourcecode.swift; path = myMainViewController.swift; sourceTree = "<group>"; };
		5C6325F31FAE930600AA4C51 /* SearchTableViewController.swift */ = {isa = PBXFileReference; lastKnownFileType = sourcecode.swift; path = SearchTableViewController.swift; sourceTree = "<group>"; };
		5C64BEDC1FB1656E0012630B /* Speech.swift */ = {isa = PBXFileReference; lastKnownFileType = sourcecode.swift; path = Speech.swift; sourceTree = "<group>"; };
		5CDAFF861FA9652B0056ED02 /* FarsiEnglishDictionary.app */ = {isa = PBXFileReference; explicitFileType = wrapper.application; includeInIndex = 0; path = FarsiEnglishDictionary.app; sourceTree = BUILT_PRODUCTS_DIR; };
		5CDAFF891FA9652B0056ED02 /* AppDelegate.swift */ = {isa = PBXFileReference; lastKnownFileType = sourcecode.swift; path = AppDelegate.swift; sourceTree = "<group>"; };
		5CDAFF8E1FA9652B0056ED02 /* Base */ = {isa = PBXFileReference; lastKnownFileType = file.storyboard; name = Base; path = Base.lproj/Main.storyboard; sourceTree = "<group>"; };
		5CDAFF911FA9652B0056ED02 /* FarsiEnglishDictionary.xcdatamodel */ = {isa = PBXFileReference; lastKnownFileType = wrapper.xcdatamodel; path = FarsiEnglishDictionary.xcdatamodel; sourceTree = "<group>"; };
		5CDAFF931FA9652B0056ED02 /* Assets.xcassets */ = {isa = PBXFileReference; lastKnownFileType = folder.assetcatalog; path = Assets.xcassets; sourceTree = "<group>"; };
		5CDAFF961FA9652B0056ED02 /* Base */ = {isa = PBXFileReference; lastKnownFileType = file.storyboard; name = Base; path = Base.lproj/LaunchScreen.storyboard; sourceTree = "<group>"; };
		5CDAFF981FA9652B0056ED02 /* Info.plist */ = {isa = PBXFileReference; lastKnownFileType = text.plist.xml; path = Info.plist; sourceTree = "<group>"; };
		5CDFE8E61FBE7A280077F80C /* ListMO+CoreDataClass.swift */ = {isa = PBXFileReference; lastKnownFileType = sourcecode.swift; path = "ListMO+CoreDataClass.swift"; sourceTree = "<group>"; };
		5CDFE8E71FBE7A280077F80C /* ListMO+CoreDataProperties.swift */ = {isa = PBXFileReference; lastKnownFileType = sourcecode.swift; path = "ListMO+CoreDataProperties.swift"; sourceTree = "<group>"; };
		5CDFE8E81FBE7A280077F80C /* MyWordRefMO+CoreDataClass.swift */ = {isa = PBXFileReference; lastKnownFileType = sourcecode.swift; path = "MyWordRefMO+CoreDataClass.swift"; sourceTree = "<group>"; };
		5CDFE8E91FBE7A290077F80C /* MyWordRefMO+CoreDataProperties.swift */ = {isa = PBXFileReference; lastKnownFileType = sourcecode.swift; path = "MyWordRefMO+CoreDataProperties.swift"; sourceTree = "<group>"; };
/* End PBXFileReference section */

/* Begin PBXFrameworksBuildPhase section */
		5CDAFF831FA9652B0056ED02 /* Frameworks */ = {
			isa = PBXFrameworksBuildPhase;
			buildActionMask = 2147483647;
			files = (
			);
			runOnlyForDeploymentPostprocessing = 0;
		};
/* End PBXFrameworksBuildPhase section */

/* Begin PBXGroup section */
		5C6325FD1FAEC28D00AA4C51 /* CoreData */ = {
			isa = PBXGroup;
			children = (
				5CDFE8E61FBE7A280077F80C /* ListMO+CoreDataClass.swift */,
				5CDFE8E71FBE7A280077F80C /* ListMO+CoreDataProperties.swift */,
				5CDFE8E81FBE7A280077F80C /* MyWordRefMO+CoreDataClass.swift */,
				5CDFE8E91FBE7A290077F80C /* MyWordRefMO+CoreDataProperties.swift */,
				5CDAFF901FA9652B0056ED02 /* FarsiEnglishDictionary.xcdatamodeld */,
			);
			path = CoreData;
			sourceTree = "<group>";
		};
		5CDAFF7D1FA9652B0056ED02 = {
			isa = PBXGroup;
			children = (
				5C6325FD1FAEC28D00AA4C51 /* CoreData */,
				5CDAFF881FA9652B0056ED02 /* FarsiEnglishDictionary */,
				5CDAFF871FA9652B0056ED02 /* Products */,
			);
			sourceTree = "<group>";
		};
		5CDAFF871FA9652B0056ED02 /* Products */ = {
			isa = PBXGroup;
			children = (
				5CDAFF861FA9652B0056ED02 /* FarsiEnglishDictionary.app */,
			);
			name = Products;
			sourceTree = "<group>";
		};
		5CDAFF881FA9652B0056ED02 /* FarsiEnglishDictionary */ = {
			isa = PBXGroup;
			children = (
				5CDAFF931FA9652B0056ED02 /* Assets.xcassets */,
				5CDAFF891FA9652B0056ED02 /* AppDelegate.swift */,
				5C0034581FAD15AB006DA8D4 /* myCollectionViewCell.swift */,
				5C0034561FAD13C4006DA8D4 /* myCollectionViewC.swift */,
				5C00345A1FAE3923006DA8D4 /* myMainTableViewCell.swift */,
				5C00345B1FAE3923006DA8D4 /* myMainTableViewCell.xib */,
				5C0034601FAE5AB7006DA8D4 /* myMainViewController.swift */,
				5C64BEDC1FB1656E0012630B /* Speech.swift */,
				5CDAFF8D1FA9652B0056ED02 /* Main.storyboard */,
				5C6325F31FAE930600AA4C51 /* SearchTableViewController.swift */,
				5CDAFF951FA9652B0056ED02 /* LaunchScreen.storyboard */,
				5CDAFF981FA9652B0056ED02 /* Info.plist */,
			);
			path = FarsiEnglishDictionary;
			sourceTree = "<group>";
		};
/* End PBXGroup section */

/* Begin PBXNativeTarget section */
		5CDAFF851FA9652B0056ED02 /* FarsiEnglishDictionary */ = {
			isa = PBXNativeTarget;
			buildConfigurationList = 5CDAFF9B1FA9652B0056ED02 /* Build configuration list for PBXNativeTarget "FarsiEnglishDictionary" */;
			buildPhases = (
				5CDAFF821FA9652B0056ED02 /* Sources */,
				5CDAFF831FA9652B0056ED02 /* Frameworks */,
				5CDAFF841FA9652B0056ED02 /* Resources */,
			);
			buildRules = (
			);
			dependencies = (
			);
			name = FarsiEnglishDictionary;
			productName = FarsiEnglishDictionary;
			productReference = 5CDAFF861FA9652B0056ED02 /* FarsiEnglishDictionary.app */;
			productType = "com.apple.product-type.application";
		};
/* End PBXNativeTarget section */

/* Begin PBXProject section */
		5CDAFF7E1FA9652B0056ED02 /* Project object */ = {
			isa = PBXProject;
			attributes = {
				LastSwiftUpdateCheck = 0900;
				LastUpgradeCheck = 0900;
				ORGANIZATIONNAME = veddes;
				TargetAttributes = {
					5CDAFF851FA9652B0056ED02 = {
						CreatedOnToolsVersion = 9.0.1;
						ProvisioningStyle = Automatic;
					};
				};
			};
			buildConfigurationList = 5CDAFF811FA9652B0056ED02 /* Build configuration list for PBXProject "FarsiEnglishDictionary" */;
			compatibilityVersion = "Xcode 8.0";
			developmentRegion = en;
			hasScannedForEncodings = 0;
			knownRegions = (
				en,
				Base,
			);
			mainGroup = 5CDAFF7D1FA9652B0056ED02;
			productRefGroup = 5CDAFF871FA9652B0056ED02 /* Products */;
			projectDirPath = "";
			projectRoot = "";
			targets = (
				5CDAFF851FA9652B0056ED02 /* FarsiEnglishDictionary */,
			);
		};
/* End PBXProject section */

/* Begin PBXResourcesBuildPhase section */
		5CDAFF841FA9652B0056ED02 /* Resources */ = {
			isa = PBXResourcesBuildPhase;
			buildActionMask = 2147483647;
			files = (
				5CDAFF971FA9652B0056ED02 /* LaunchScreen.storyboard in Resources */,
				5CDAFF941FA9652B0056ED02 /* Assets.xcassets in Resources */,
				5C00345D1FAE3923006DA8D4 /* myMainTableViewCell.xib in Resources */,
				5CDAFF8F1FA9652B0056ED02 /* Main.storyboard in Resources */,
			);
			runOnlyForDeploymentPostprocessing = 0;
		};
/* End PBXResourcesBuildPhase section */

/* Begin PBXSourcesBuildPhase section */
		5CDAFF821FA9652B0056ED02 /* Sources */ = {
			isa = PBXSourcesBuildPhase;
			buildActionMask = 2147483647;
			files = (
				5CDAFF921FA9652B0056ED02 /* FarsiEnglishDictionary.xcdatamodeld in Sources */,
				5C64BEDD1FB1656E0012630B /* Speech.swift in Sources */,
				5C0034571FAD13C4006DA8D4 /* myCollectionViewC.swift in Sources */,
				5C0034591FAD15AB006DA8D4 /* myCollectionViewCell.swift in Sources */,
				5CDFE8EA1FBE7A290077F80C /* ListMO+CoreDataClass.swift in Sources */,
				5CDFE8EC1FBE7A290077F80C /* MyWordRefMO+CoreDataClass.swift in Sources */,
				5CDFE8EB1FBE7A290077F80C /* ListMO+CoreDataProperties.swift in Sources */,
				5C6325F41FAE930600AA4C51 /* SearchTableViewController.swift in Sources */,
				5C0034611FAE5AB7006DA8D4 /* myMainViewController.swift in Sources */,
				5CDFE8ED1FBE7A290077F80C /* MyWordRefMO+CoreDataProperties.swift in Sources */,
				5C00345C1FAE3923006DA8D4 /* myMainTableViewCell.swift in Sources */,
				5CDAFF8A1FA9652B0056ED02 /* AppDelegate.swift in Sources */,
			);
			runOnlyForDeploymentPostprocessing = 0;
		};
/* End PBXSourcesBuildPhase section */

/* Begin PBXVariantGroup section */
		5CDAFF8D1FA9652B0056ED02 /* Main.storyboard */ = {
			isa = PBXVariantGroup;
			children = (
				5CDAFF8E1FA9652B0056ED02 /* Base */,
			);
			name = Main.storyboard;
			sourceTree = "<group>";
		};
		5CDAFF951FA9652B0056ED02 /* LaunchScreen.storyboard */ = {
			isa = PBXVariantGroup;
			children = (
				5CDAFF961FA9652B0056ED02 /* Base */,
			);
			name = LaunchScreen.storyboard;
			sourceTree = "<group>";
		};
/* End PBXVariantGroup section */

/* Begin XCBuildConfiguration section */
		5CDAFF991FA9652B0056ED02 /* Debug */ = {
			isa = XCBuildConfiguration;
			buildSettings = {
				ALWAYS_SEARCH_USER_PATHS = NO;
				CLANG_ANALYZER_NONNULL = YES;
				CLANG_ANALYZER_NUMBER_OBJECT_CONVERSION = YES_AGGRESSIVE;
				CLANG_CXX_LANGUAGE_STANDARD = "gnu++14";
				CLANG_CXX_LIBRARY = "libc++";
				CLANG_ENABLE_MODULES = YES;
				CLANG_ENABLE_OBJC_ARC = YES;
				CLANG_WARN_BLOCK_CAPTURE_AUTORELEASING = YES;
				CLANG_WARN_BOOL_CONVERSION = YES;
				CLANG_WARN_COMMA = YES;
				CLANG_WARN_CONSTANT_CONVERSION = YES;
				CLANG_WARN_DIRECT_OBJC_ISA_USAGE = YES_ERROR;
				CLANG_WARN_DOCUMENTATION_COMMENTS = YES;
				CLANG_WARN_EMPTY_BODY = YES;
				CLANG_WARN_ENUM_CONVERSION = YES;
				CLANG_WARN_INFINITE_RECURSION = YES;
				CLANG_WARN_INT_CONVERSION = YES;
				CLANG_WARN_NON_LITERAL_NULL_CONVERSION = YES;
				CLANG_WARN_OBJC_LITERAL_CONVERSION = YES;
				CLANG_WARN_OBJC_ROOT_CLASS = YES_ERROR;
				CLANG_WARN_RANGE_LOOP_ANALYSIS = YES;
				CLANG_WARN_STRICT_PROTOTYPES = YES;
				CLANG_WARN_SUSPICIOUS_MOVE = YES;
				CLANG_WARN_UNGUARDED_AVAILABILITY = YES_AGGRESSIVE;
				CLANG_WARN_UNREACHABLE_CODE = YES;
				CLANG_WARN__DUPLICATE_METHOD_MATCH = YES;
				CODE_SIGN_IDENTITY = "iPhone Developer";
				COPY_PHASE_STRIP = NO;
				DEBUG_INFORMATION_FORMAT = dwarf;
				ENABLE_STRICT_OBJC_MSGSEND = YES;
				ENABLE_TESTABILITY = YES;
				GCC_C_LANGUAGE_STANDARD = gnu11;
				GCC_DYNAMIC_NO_PIC = NO;
				GCC_NO_COMMON_BLOCKS = YES;
				GCC_OPTIMIZATION_LEVEL = 0;
				GCC_PREPROCESSOR_DEFINITIONS = (
					"DEBUG=1",
					"$(inherited)",
				);
				GCC_WARN_64_TO_32_BIT_CONVERSION = YES;
				GCC_WARN_ABOUT_RETURN_TYPE = YES_ERROR;
				GCC_WARN_UNDECLARED_SELECTOR = YES;
				GCC_WARN_UNINITIALIZED_AUTOS = YES_AGGRESSIVE;
				GCC_WARN_UNUSED_FUNCTION = YES;
				GCC_WARN_UNUSED_VARIABLE = YES;
				IPHONEOS_DEPLOYMENT_TARGET = 11.0;
				MTL_ENABLE_DEBUG_INFO = YES;
				ONLY_ACTIVE_ARCH = YES;
				SDKROOT = iphoneos;
				SWIFT_ACTIVE_COMPILATION_CONDITIONS = DEBUG;
				SWIFT_OPTIMIZATION_LEVEL = "-Onone";
			};
			name = Debug;
		};
		5CDAFF9A1FA9652B0056ED02 /* Release */ = {
			isa = XCBuildConfiguration;
			buildSettings = {
				ALWAYS_SEARCH_USER_PATHS = NO;
				CLANG_ANALYZER_NONNULL = YES;
				CLANG_ANALYZER_NUMBER_OBJECT_CONVERSION = YES_AGGRESSIVE;
				CLANG_CXX_LANGUAGE_STANDARD = "gnu++14";
				CLANG_CXX_LIBRARY = "libc++";
				CLANG_ENABLE_MODULES = YES;
				CLANG_ENABLE_OBJC_ARC = YES;
				CLANG_WARN_BLOCK_CAPTURE_AUTORELEASING = YES;
				CLANG_WARN_BOOL_CONVERSION = YES;
				CLANG_WARN_COMMA = YES;
				CLANG_WARN_CONSTANT_CONVERSION = YES;
				CLANG_WARN_DIRECT_OBJC_ISA_USAGE = YES_ERROR;
				CLANG_WARN_DOCUMENTATION_COMMENTS = YES;
				CLANG_WARN_EMPTY_BODY = YES;
				CLANG_WARN_ENUM_CONVERSION = YES;
				CLANG_WARN_INFINITE_RECURSION = YES;
				CLANG_WARN_INT_CONVERSION = YES;
				CLANG_WARN_NON_LITERAL_NULL_CONVERSION = YES;
				CLANG_WARN_OBJC_LITERAL_CONVERSION = YES;
				CLANG_WARN_OBJC_ROOT_CLASS = YES_ERROR;
				CLANG_WARN_RANGE_LOOP_ANALYSIS = YES;
				CLANG_WARN_STRICT_PROTOTYPES = YES;
				CLANG_WARN_SUSPICIOUS_MOVE = YES;
				CLANG_WARN_UNGUARDED_AVAILABILITY = YES_AGGRESSIVE;
				CLANG_WARN_UNREACHABLE_CODE = YES;
				CLANG_WARN__DUPLICATE_METHOD_MATCH = YES;
				CODE_SIGN_IDENTITY = "iPhone Developer";
				COPY_PHASE_STRIP = NO;
				DEBUG_INFORMATION_FORMAT = "dwarf-with-dsym";
				ENABLE_NS_ASSERTIONS = NO;
				ENABLE_STRICT_OBJC_MSGSEND = YES;
				GCC_C_LANGUAGE_STANDARD = gnu11;
				GCC_NO_COMMON_BLOCKS = YES;
				GCC_WARN_64_TO_32_BIT_CONVERSION = YES;
				GCC_WARN_ABOUT_RETURN_TYPE = YES_ERROR;
				GCC_WARN_UNDECLARED_SELECTOR = YES;
				GCC_WARN_UNINITIALIZED_AUTOS = YES_AGGRESSIVE;
				GCC_WARN_UNUSED_FUNCTION = YES;
				GCC_WARN_UNUSED_VARIABLE = YES;
				IPHONEOS_DEPLOYMENT_TARGET = 11.0;
				MTL_ENABLE_DEBUG_INFO = NO;
				SDKROOT = iphoneos;
				SWIFT_OPTIMIZATION_LEVEL = "-Owholemodule";
				VALIDATE_PRODUCT = YES;
			};
			name = Release;
		};
		5CDAFF9C1FA9652B0056ED02 /* Debug */ = {
			isa = XCBuildConfiguration;
			buildSettings = {
				ASSETCATALOG_COMPILER_APPICON_NAME = AppIcon;
				CODE_SIGN_STYLE = Automatic;
				DEVELOPMENT_TEAM = LQZN959RGW;
				INFOPLIST_FILE = FarsiEnglishDictionary/Info.plist;
				LD_RUNPATH_SEARCH_PATHS = "$(inherited) @executable_path/Frameworks";
				PRODUCT_BUNDLE_IDENTIFIER = com.veddes.FarsiEnglishDictionary;
				PRODUCT_NAME = "$(TARGET_NAME)";
				SWIFT_VERSION = 4.0;
				TARGETED_DEVICE_FAMILY = "1,2";
			};
			name = Debug;
		};
		5CDAFF9D1FA9652B0056ED02 /* Release */ = {
			isa = XCBuildConfiguration;
			buildSettings = {
				ASSETCATALOG_COMPILER_APPICON_NAME = AppIcon;
				CODE_SIGN_STYLE = Automatic;
				DEVELOPMENT_TEAM = LQZN959RGW;
				INFOPLIST_FILE = FarsiEnglishDictionary/Info.plist;
				LD_RUNPATH_SEARCH_PATHS = "$(inherited) @executable_path/Frameworks";
				PRODUCT_BUNDLE_IDENTIFIER = com.veddes.FarsiEnglishDictionary;
				PRODUCT_NAME = "$(TARGET_NAME)";
				SWIFT_VERSION = 4.0;
				TARGETED_DEVICE_FAMILY = "1,2";
			};
			name = Release;
		};
/* End XCBuildConfiguration section */

/* Begin XCConfigurationList section */
		5CDAFF811FA9652B0056ED02 /* Build configuration list for PBXProject "FarsiEnglishDictionary" */ = {
			isa = XCConfigurationList;
			buildConfigurations = (
				5CDAFF991FA9652B0056ED02 /* Debug */,
				5CDAFF9A1FA9652B0056ED02 /* Release */,
			);
			defaultConfigurationIsVisible = 0;
			defaultConfigurationName = Release;
		};
		5CDAFF9B1FA9652B0056ED02 /* Build configuration list for PBXNativeTarget "FarsiEnglishDictionary" */ = {
			isa = XCConfigurationList;
			buildConfigurations = (
				5CDAFF9C1FA9652B0056ED02 /* Debug */,
				5CDAFF9D1FA9652B0056ED02 /* Release */,
			);
			defaultConfigurationIsVisible = 0;
			defaultConfigurationName = Release;
		};
/* End XCConfigurationList section */

/* Begin XCVersionGroup section */
		5CDAFF901FA9652B0056ED02 /* FarsiEnglishDictionary.xcdatamodeld */ = {
			isa = XCVersionGroup;
			children = (
				5CDAFF911FA9652B0056ED02 /* FarsiEnglishDictionary.xcdatamodel */,
			);
			currentVersion = 5CDAFF911FA9652B0056ED02 /* FarsiEnglishDictionary.xcdatamodel */;
			path = FarsiEnglishDictionary.xcdatamodeld;
			sourceTree = "<group>";
			versionGroupType = wrapper.xcdatamodel;
		};
/* End XCVersionGroup section */
	};
	rootObject = 5CDAFF7E1FA9652B0056ED02 /* Project object */;
}
